
Microsoft Visual Studio Solution File, Format Version 12.00
# Visual Studio Version 16
VisualStudioVersion = 16.0.30611.23
MinimumVisualStudioVersion = 10.0.40219.1
Project("{FAE04EC0-301F-11D3-BF4B-00C04F79EFBC}") = "ReportePDF", "ReportePDF\ReportePDF.csproj", "{FC942061-FAF6-436F-A17D-CF98D39769BB}"
EndProject
Global
	GlobalSection(SolutionConfigurationPlatforms) = preSolution
		Debug|Any CPU = Debug|Any CPU
		Release|Any CPU = Release|Any CPU
	EndGlobalSection
	GlobalSection(ProjectConfigurationPlatforms) = postSolution
		{FC942061-FAF6-436F-A17D-CF98D39769BB}.Debug|Any CPU.ActiveCfg = Debug|Any CPU
		{FC942061-FAF6-436F-A17D-CF98D39769BB}.Debug|Any CPU.Build.0 = Debug|Any CPU
		{FC942061-FAF6-436F-A17D-CF98D39769BB}.Release|Any CPU.ActiveCfg = Release|Any CPU
		{FC942061-FAF6-436F-A17D-CF98D39769BB}.Release|Any CPU.Build.0 = Release|Any CPU
	EndGlobalSection
	GlobalSection(SolutionProperties) = preSolution
		HideSolutionNode = FALSE
	EndGlobalSection
	GlobalSection(ExtensibilityGlobals) = postSolution
		SolutionGuid = {B1B5A2B7-DEBE-4E8F-BC19-C6580FE106F5}
	EndGlobalSection
EndGlobal
